
Microsoft Visual Studio Solution File, Format Version 12.00
# Visual Studio Version 16
VisualStudioVersion = 16.0.31624.102
MinimumVisualStudioVersion = 10.0.40219.1
Project("{9A19103F-16F7-4668-BE54-9A1E7A4F7556}") = "Acrelec.SCO.Core", "Acrelec.SCO.Core\Acrelec.SCO.Core.csproj", "{C7FAE25E-36C1-4173-A98B-53485AB61FC1}"
EndProject
Project("{9A19103F-16F7-4668-BE54-9A1E7A4F7556}") = "Acrelec.SCO.DataStructures", "Acrelec.SCO.DataStructures\Acrelec.SCO.DataStructures.csproj", "{343FCB6F-21FF-4BDB-94C9-0F2AE150D2ED}"
EndProject
Project("{9A19103F-16F7-4668-BE54-9A1E7A4F7556}") = "Acrelec.SCO.Core.Tests", "Acrelec.SCO.Core.Tests\Acrelec.SCO.Core.Tests.csproj", "{8925AA39-DC11-47D7-81B0-F7A961A090EE}"
EndProject
Project("{9A19103F-16F7-4668-BE54-9A1E7A4F7556}") = "Acrelec.SCO.Server", "Acrelec.SCO.Server\Acrelec.SCO.Server.csproj", "{A9C9EA2A-3596-4671-8FA0-4D8268B496B2}"
EndProject
Project("{FAE04EC0-301F-11D3-BF4B-00C04F79EFBC}") = "Acrelec.SCO.Server.Tests", "Acrelec.SCO.Server.Tests\Acrelec.SCO.Server.Tests.csproj", "{D7B7E6C4-7FA7-4A05-8A4F-F443694124F6}"
EndProject
Global
	GlobalSection(SolutionConfigurationPlatforms) = preSolution
		Debug|Any CPU = Debug|Any CPU
		Release|Any CPU = Release|Any CPU
	EndGlobalSection
	GlobalSection(ProjectConfigurationPlatforms) = postSolution
		{C7FAE25E-36C1-4173-A98B-53485AB61FC1}.Debug|Any CPU.ActiveCfg = Debug|Any CPU
		{C7FAE25E-36C1-4173-A98B-53485AB61FC1}.Debug|Any CPU.Build.0 = Debug|Any CPU
		{C7FAE25E-36C1-4173-A98B-53485AB61FC1}.Release|Any CPU.ActiveCfg = Release|Any CPU
		{C7FAE25E-36C1-4173-A98B-53485AB61FC1}.Release|Any CPU.Build.0 = Release|Any CPU
		{343FCB6F-21FF-4BDB-94C9-0F2AE150D2ED}.Debug|Any CPU.ActiveCfg = Debug|Any CPU
		{343FCB6F-21FF-4BDB-94C9-0F2AE150D2ED}.Debug|Any CPU.Build.0 = Debug|Any CPU
		{343FCB6F-21FF-4BDB-94C9-0F2AE150D2ED}.Release|Any CPU.ActiveCfg = Release|Any CPU
		{343FCB6F-21FF-4BDB-94C9-0F2AE150D2ED}.Release|Any CPU.Build.0 = Release|Any CPU
		{8925AA39-DC11-47D7-81B0-F7A961A090EE}.Debug|Any CPU.ActiveCfg = Debug|Any CPU
		{8925AA39-DC11-47D7-81B0-F7A961A090EE}.Debug|Any CPU.Build.0 = Debug|Any CPU
		{8925AA39-DC11-47D7-81B0-F7A961A090EE}.Release|Any CPU.ActiveCfg = Release|Any CPU
		{8925AA39-DC11-47D7-81B0-F7A961A090EE}.Release|Any CPU.Build.0 = Release|Any CPU
		{A9C9EA2A-3596-4671-8FA0-4D8268B496B2}.Debug|Any CPU.ActiveCfg = Debug|Any CPU
		{A9C9EA2A-3596-4671-8FA0-4D8268B496B2}.Debug|Any CPU.Build.0 = Debug|Any CPU
		{A9C9EA2A-3596-4671-8FA0-4D8268B496B2}.Release|Any CPU.ActiveCfg = Release|Any CPU
		{A9C9EA2A-3596-4671-8FA0-4D8268B496B2}.Release|Any CPU.Build.0 = Release|Any CPU
		{D7B7E6C4-7FA7-4A05-8A4F-F443694124F6}.Debug|Any CPU.ActiveCfg = Debug|Any CPU
		{D7B7E6C4-7FA7-4A05-8A4F-F443694124F6}.Debug|Any CPU.Build.0 = Debug|Any CPU
		{D7B7E6C4-7FA7-4A05-8A4F-F443694124F6}.Release|Any CPU.ActiveCfg = Release|Any CPU
		{D7B7E6C4-7FA7-4A05-8A4F-F443694124F6}.Release|Any CPU.Build.0 = Release|Any CPU
	EndGlobalSection
	GlobalSection(SolutionProperties) = preSolution
		HideSolutionNode = FALSE
	EndGlobalSection
	GlobalSection(ExtensibilityGlobals) = postSolution
		SolutionGuid = {14AF70C8-62E1-4C75-8F41-EAC75EC8BF0D}
	EndGlobalSection
EndGlobal
